
Microsoft Visual Studio Solution File, Format Version 12.00
# Visual Studio Version 16
VisualStudioVersion = 16.0.31410.357
MinimumVisualStudioVersion = 10.0.40219.1
Project("{FAE04EC0-301F-11D3-BF4B-00C04F79EFBC}") = "KlimaUredjaj", "KlimaUredjaj\KlimaUredjaj.csproj", "{662DCA00-3A9F-4BD3-A8CB-7124FB011FEC}"
EndProject
Global
	GlobalSection(SolutionConfigurationPlatforms) = preSolution
		Debug|Any CPU = Debug|Any CPU
		Release|Any CPU = Release|Any CPU
	EndGlobalSection
	GlobalSection(ProjectConfigurationPlatforms) = postSolution
		{662DCA00-3A9F-4BD3-A8CB-7124FB011FEC}.Debug|Any CPU.ActiveCfg = Debug|Any CPU
		{662DCA00-3A9F-4BD3-A8CB-7124FB011FEC}.Debug|Any CPU.Build.0 = Debug|Any CPU
		{662DCA00-3A9F-4BD3-A8CB-7124FB011FEC}.Release|Any CPU.ActiveCfg = Release|Any CPU
		{662DCA00-3A9F-4BD3-A8CB-7124FB011FEC}.Release|Any CPU.Build.0 = Release|Any CPU
	EndGlobalSection
	GlobalSection(SolutionProperties) = preSolution
		HideSolutionNode = FALSE
	EndGlobalSection
	GlobalSection(ExtensibilityGlobals) = postSolution
		SolutionGuid = {8B61F880-016C-4F5C-B170-5BE48403CE81}
	EndGlobalSection
EndGlobal
